
Microsoft Visual Studio Solution File, Format Version 12.00
# Visual Studio Version 17
Project("{8BC9CEB8-8B4A-11D0-8D11-00A0C91BC942}") = "ALL_BUILD", "ALL_BUILD.vcxproj", "{D85D2CE9-0010-3D35-813B-60200EA3C8BE}"
	ProjectSection(ProjectDependencies) = postProject
		{2CF88324-8583-372C-8FF8-824F5A1C55D0} = {2CF88324-8583-372C-8FF8-824F5A1C55D0}
		{BD8F60E1-2CA8-31AF-B44D-B40738EEF097} = {BD8F60E1-2CA8-31AF-B44D-B40738EEF097}
		{1D663808-AFCB-358D-ACCE-DE51BAEAD639} = {1D663808-AFCB-358D-ACCE-DE51BAEAD639}
		{7BADD8A3-CBBC-3722-AAAB-DC6A60838191} = {7BADD8A3-CBBC-3722-AAAB-DC6A60838191}
		{FA047ACC-169F-38C8-8B7E-623C8D016F59} = {FA047ACC-169F-38C8-8B7E-623C8D016F59}
		{A8B47DA6-ECC1-3B78-A810-7A3E4DB5E778} = {A8B47DA6-ECC1-3B78-A810-7A3E4DB5E778}
		{41F3275A-3F5F-3D32-B6D8-A1253DCF4EF7} = {41F3275A-3F5F-3D32-B6D8-A1253DCF4EF7}
		{8826EDEA-8CBF-3CC6-B894-B48D94A10948} = {8826EDEA-8CBF-3CC6-B894-B48D94A10948}
		{3819B3A0-9E09-3A08-BEC6-F059CFADD78D} = {3819B3A0-9E09-3A08-BEC6-F059CFADD78D}
		{57A8F744-C7E1-3C10-924F-2B5FCE428BC1} = {57A8F744-C7E1-3C10-924F-2B5FCE428BC1}
		{E9293BBC-D16F-36B4-BC5E-A6EE47E95166} = {E9293BBC-D16F-36B4-BC5E-A6EE47E95166}
		{6340D3A0-B775-374E-A8A4-0D5AA9B20C97} = {6340D3A0-B775-374E-A8A4-0D5AA9B20C97}
	EndProjectSection
EndProject
Project("{8BC9CEB8-8B4A-11D0-8D11-00A0C91BC942}") = "RUN_TESTS", "RUN_TESTS.vcxproj", "{62B73A70-900D-3E32-9C17-2A366425D4FC}"
	ProjectSection(ProjectDependencies) = postProject
		{2CF88324-8583-372C-8FF8-824F5A1C55D0} = {2CF88324-8583-372C-8FF8-824F5A1C55D0}
	EndProjectSection
EndProject
Project("{8BC9CEB8-8B4A-11D0-8D11-00A0C91BC942}") = "ZERO_CHECK", "ZERO_CHECK.vcxproj", "{2CF88324-8583-372C-8FF8-824F5A1C55D0}"
	ProjectSection(ProjectDependencies) = postProject
	EndProjectSection
EndProject
Project("{8BC9CEB8-8B4A-11D0-8D11-00A0C91BC942}") = "jme", "jme.vcxproj", "{BD8F60E1-2CA8-31AF-B44D-B40738EEF097}"
	ProjectSection(ProjectDependencies) = postProject
		{2CF88324-8583-372C-8FF8-824F5A1C55D0} = {2CF88324-8583-372C-8FF8-824F5A1C55D0}
	EndProjectSection
EndProject
Project("{8BC9CEB8-8B4A-11D0-8D11-00A0C91BC942}") = "jme_call_probe", "jme_call_probe.vcxproj", "{1D663808-AFCB-358D-ACCE-DE51BAEAD639}"
	ProjectSection(ProjectDependencies) = postProject
		{2CF88324-8583-372C-8FF8-824F5A1C55D0} = {2CF88324-8583-372C-8FF8-824F5A1C55D0}
		{BD8F60E1-2CA8-31AF-B44D-B40738EEF097} = {BD8F60E1-2CA8-31AF-B44D-B40738EEF097}
	EndProjectSection
EndProject
Project("{8BC9CEB8-8B4A-11D0-8D11-00A0C91BC942}") = "test_all_constants", "test_all_constants.vcxproj", "{7BADD8A3-CBBC-3722-AAAB-DC6A60838191}"
	ProjectSection(ProjectDependencies) = postProject
		{2CF88324-8583-372C-8FF8-824F5A1C55D0} = {2CF88324-8583-372C-8FF8-824F5A1C55D0}
		{BD8F60E1-2CA8-31AF-B44D-B40738EEF097} = {BD8F60E1-2CA8-31AF-B44D-B40738EEF097}
	EndProjectSection
EndProject
Project("{8BC9CEB8-8B4A-11D0-8D11-00A0C91BC942}") = "test_all_functions", "test_all_functions.vcxproj", "{FA047ACC-169F-38C8-8B7E-623C8D016F59}"
	ProjectSection(ProjectDependencies) = postProject
		{2CF88324-8583-372C-8FF8-824F5A1C55D0} = {2CF88324-8583-372C-8FF8-824F5A1C55D0}
		{BD8F60E1-2CA8-31AF-B44D-B40738EEF097} = {BD8F60E1-2CA8-31AF-B44D-B40738EEF097}
	EndProjectSection
EndProject
Project("{8BC9CEB8-8B4A-11D0-8D11-00A0C91BC942}") = "test_analytical_validation", "test_analytical_validation.vcxproj", "{A8B47DA6-ECC1-3B78-A810-7A3E4DB5E778}"
	ProjectSection(ProjectDependencies) = postProject
		{2CF88324-8583-372C-8FF8-824F5A1C55D0} = {2CF88324-8583-372C-8FF8-824F5A1C55D0}
		{BD8F60E1-2CA8-31AF-B44D-B40738EEF097} = {BD8F60E1-2CA8-31AF-B44D-B40738EEF097}
	EndProjectSection
EndProject
Project("{8BC9CEB8-8B4A-11D0-8D11-00A0C91BC942}") = "test_api_contract", "test_api_contract.vcxproj", "{41F3275A-3F5F-3D32-B6D8-A1253DCF4EF7}"
	ProjectSection(ProjectDependencies) = postProject
		{2CF88324-8583-372C-8FF8-824F5A1C55D0} = {2CF88324-8583-372C-8FF8-824F5A1C55D0}
		{BD8F60E1-2CA8-31AF-B44D-B40738EEF097} = {BD8F60E1-2CA8-31AF-B44D-B40738EEF097}
	EndProjectSection
EndProject
Project("{8BC9CEB8-8B4A-11D0-8D11-00A0C91BC942}") = "test_extra_adversarial", "test_extra_adversarial.vcxproj", "{8826EDEA-8CBF-3CC6-B894-B48D94A10948}"
	ProjectSection(ProjectDependencies) = postProject
		{2CF88324-8583-372C-8FF8-824F5A1C55D0} = {2CF88324-8583-372C-8FF8-824F5A1C55D0}
		{BD8F60E1-2CA8-31AF-B44D-B40738EEF097} = {BD8F60E1-2CA8-31AF-B44D-B40738EEF097}
	EndProjectSection
EndProject
Project("{8BC9CEB8-8B4A-11D0-8D11-00A0C91BC942}") = "test_extra_contract", "test_extra_contract.vcxproj", "{3819B3A0-9E09-3A08-BEC6-F059CFADD78D}"
	ProjectSection(ProjectDependencies) = postProject
		{2CF88324-8583-372C-8FF8-824F5A1C55D0} = {2CF88324-8583-372C-8FF8-824F5A1C55D0}
		{BD8F60E1-2CA8-31AF-B44D-B40738EEF097} = {BD8F60E1-2CA8-31AF-B44D-B40738EEF097}
	EndProjectSection
EndProject
Project("{8BC9CEB8-8B4A-11D0-8D11-00A0C91BC942}") = "test_jpl_runtime", "test_jpl_runtime.vcxproj", "{57A8F744-C7E1-3C10-924F-2B5FCE428BC1}"
	ProjectSection(ProjectDependencies) = postProject
		{2CF88324-8583-372C-8FF8-824F5A1C55D0} = {2CF88324-8583-372C-8FF8-824F5A1C55D0}
		{BD8F60E1-2CA8-31AF-B44D-B40738EEF097} = {BD8F60E1-2CA8-31AF-B44D-B40738EEF097}
	EndProjectSection
EndProject
Project("{8BC9CEB8-8B4A-11D0-8D11-00A0C91BC942}") = "test_julian", "test_julian.vcxproj", "{E9293BBC-D16F-36B4-BC5E-A6EE47E95166}"
	ProjectSection(ProjectDependencies) = postProject
		{2CF88324-8583-372C-8FF8-824F5A1C55D0} = {2CF88324-8583-372C-8FF8-824F5A1C55D0}
		{BD8F60E1-2CA8-31AF-B44D-B40738EEF097} = {BD8F60E1-2CA8-31AF-B44D-B40738EEF097}
	EndProjectSection
EndProject
Project("{8BC9CEB8-8B4A-11D0-8D11-00A0C91BC942}") = "test_mapped_adversarial", "test_mapped_adversarial.vcxproj", "{6340D3A0-B775-374E-A8A4-0D5AA9B20C97}"
	ProjectSection(ProjectDependencies) = postProject
		{2CF88324-8583-372C-8FF8-824F5A1C55D0} = {2CF88324-8583-372C-8FF8-824F5A1C55D0}
		{BD8F60E1-2CA8-31AF-B44D-B40738EEF097} = {BD8F60E1-2CA8-31AF-B44D-B40738EEF097}
	EndProjectSection
EndProject
Global
	GlobalSection(SolutionConfigurationPlatforms) = preSolution
		Debug|x64 = Debug|x64
		Release|x64 = Release|x64
		MinSizeRel|x64 = MinSizeRel|x64
		RelWithDebInfo|x64 = RelWithDebInfo|x64
	EndGlobalSection
	GlobalSection(ProjectConfigurationPlatforms) = postSolution
		{D85D2CE9-0010-3D35-813B-60200EA3C8BE}.Debug|x64.ActiveCfg = Debug|x64
		{D85D2CE9-0010-3D35-813B-60200EA3C8BE}.Release|x64.ActiveCfg = Release|x64
		{D85D2CE9-0010-3D35-813B-60200EA3C8BE}.MinSizeRel|x64.ActiveCfg = MinSizeRel|x64
		{D85D2CE9-0010-3D35-813B-60200EA3C8BE}.RelWithDebInfo|x64.ActiveCfg = RelWithDebInfo|x64
		{62B73A70-900D-3E32-9C17-2A366425D4FC}.Debug|x64.ActiveCfg = Debug|x64
		{62B73A70-900D-3E32-9C17-2A366425D4FC}.Release|x64.ActiveCfg = Release|x64
		{62B73A70-900D-3E32-9C17-2A366425D4FC}.MinSizeRel|x64.ActiveCfg = MinSizeRel|x64
		{62B73A70-900D-3E32-9C17-2A366425D4FC}.RelWithDebInfo|x64.ActiveCfg = RelWithDebInfo|x64
		{2CF88324-8583-372C-8FF8-824F5A1C55D0}.Debug|x64.ActiveCfg = Debug|x64
		{2CF88324-8583-372C-8FF8-824F5A1C55D0}.Debug|x64.Build.0 = Debug|x64
		{2CF88324-8583-372C-8FF8-824F5A1C55D0}.Release|x64.ActiveCfg = Release|x64
		{2CF88324-8583-372C-8FF8-824F5A1C55D0}.Release|x64.Build.0 = Release|x64
		{2CF88324-8583-372C-8FF8-824F5A1C55D0}.MinSizeRel|x64.ActiveCfg = MinSizeRel|x64
		{2CF88324-8583-372C-8FF8-824F5A1C55D0}.MinSizeRel|x64.Build.0 = MinSizeRel|x64
		{2CF88324-8583-372C-8FF8-824F5A1C55D0}.RelWithDebInfo|x64.ActiveCfg = RelWithDebInfo|x64
		{2CF88324-8583-372C-8FF8-824F5A1C55D0}.RelWithDebInfo|x64.Build.0 = RelWithDebInfo|x64
		{BD8F60E1-2CA8-31AF-B44D-B40738EEF097}.Debug|x64.ActiveCfg = Debug|x64
		{BD8F60E1-2CA8-31AF-B44D-B40738EEF097}.Debug|x64.Build.0 = Debug|x64
		{BD8F60E1-2CA8-31AF-B44D-B40738EEF097}.Release|x64.ActiveCfg = Release|x64
		{BD8F60E1-2CA8-31AF-B44D-B40738EEF097}.Release|x64.Build.0 = Release|x64
		{BD8F60E1-2CA8-31AF-B44D-B40738EEF097}.MinSizeRel|x64.ActiveCfg = MinSizeRel|x64
		{BD8F60E1-2CA8-31AF-B44D-B40738EEF097}.MinSizeRel|x64.Build.0 = MinSizeRel|x64
		{BD8F60E1-2CA8-31AF-B44D-B40738EEF097}.RelWithDebInfo|x64.ActiveCfg = RelWithDebInfo|x64
		{BD8F60E1-2CA8-31AF-B44D-B40738EEF097}.RelWithDebInfo|x64.Build.0 = RelWithDebInfo|x64
		{1D663808-AFCB-358D-ACCE-DE51BAEAD639}.Debug|x64.ActiveCfg = Debug|x64
		{1D663808-AFCB-358D-ACCE-DE51BAEAD639}.Debug|x64.Build.0 = Debug|x64
		{1D663808-AFCB-358D-ACCE-DE51BAEAD639}.Release|x64.ActiveCfg = Release|x64
		{1D663808-AFCB-358D-ACCE-DE51BAEAD639}.Release|x64.Build.0 = Release|x64
		{1D663808-AFCB-358D-ACCE-DE51BAEAD639}.MinSizeRel|x64.ActiveCfg = MinSizeRel|x64
		{1D663808-AFCB-358D-ACCE-DE51BAEAD639}.MinSizeRel|x64.Build.0 = MinSizeRel|x64
		{1D663808-AFCB-358D-ACCE-DE51BAEAD639}.RelWithDebInfo|x64.ActiveCfg = RelWithDebInfo|x64
		{1D663808-AFCB-358D-ACCE-DE51BAEAD639}.RelWithDebInfo|x64.Build.0 = RelWithDebInfo|x64
		{7BADD8A3-CBBC-3722-AAAB-DC6A60838191}.Debug|x64.ActiveCfg = Debug|x64
		{7BADD8A3-CBBC-3722-AAAB-DC6A60838191}.Debug|x64.Build.0 = Debug|x64
		{7BADD8A3-CBBC-3722-AAAB-DC6A60838191}.Release|x64.ActiveCfg = Release|x64
		{7BADD8A3-CBBC-3722-AAAB-DC6A60838191}.Release|x64.Build.0 = Release|x64
		{7BADD8A3-CBBC-3722-AAAB-DC6A60838191}.MinSizeRel|x64.ActiveCfg = MinSizeRel|x64
		{7BADD8A3-CBBC-3722-AAAB-DC6A60838191}.MinSizeRel|x64.Build.0 = MinSizeRel|x64
		{7BADD8A3-CBBC-3722-AAAB-DC6A60838191}.RelWithDebInfo|x64.ActiveCfg = RelWithDebInfo|x64
		{7BADD8A3-CBBC-3722-AAAB-DC6A60838191}.RelWithDebInfo|x64.Build.0 = RelWithDebInfo|x64
		{FA047ACC-169F-38C8-8B7E-623C8D016F59}.Debug|x64.ActiveCfg = Debug|x64
		{FA047ACC-169F-38C8-8B7E-623C8D016F59}.Debug|x64.Build.0 = Debug|x64
		{FA047ACC-169F-38C8-8B7E-623C8D016F59}.Release|x64.ActiveCfg = Release|x64
		{FA047ACC-169F-38C8-8B7E-623C8D016F59}.Release|x64.Build.0 = Release|x64
		{FA047ACC-169F-38C8-8B7E-623C8D016F59}.MinSizeRel|x64.ActiveCfg = MinSizeRel|x64
		{FA047ACC-169F-38C8-8B7E-623C8D016F59}.MinSizeRel|x64.Build.0 = MinSizeRel|x64
		{FA047ACC-169F-38C8-8B7E-623C8D016F59}.RelWithDebInfo|x64.ActiveCfg = RelWithDebInfo|x64
		{FA047ACC-169F-38C8-8B7E-623C8D016F59}.RelWithDebInfo|x64.Build.0 = RelWithDebInfo|x64
		{A8B47DA6-ECC1-3B78-A810-7A3E4DB5E778}.Debug|x64.ActiveCfg = Debug|x64
		{A8B47DA6-ECC1-3B78-A810-7A3E4DB5E778}.Debug|x64.Build.0 = Debug|x64
		{A8B47DA6-ECC1-3B78-A810-7A3E4DB5E778}.Release|x64.ActiveCfg = Release|x64
		{A8B47DA6-ECC1-3B78-A810-7A3E4DB5E778}.Release|x64.Build.0 = Release|x64
		{A8B47DA6-ECC1-3B78-A810-7A3E4DB5E778}.MinSizeRel|x64.ActiveCfg = MinSizeRel|x64
		{A8B47DA6-ECC1-3B78-A810-7A3E4DB5E778}.MinSizeRel|x64.Build.0 = MinSizeRel|x64
		{A8B47DA6-ECC1-3B78-A810-7A3E4DB5E778}.RelWithDebInfo|x64.ActiveCfg = RelWithDebInfo|x64
		{A8B47DA6-ECC1-3B78-A810-7A3E4DB5E778}.RelWithDebInfo|x64.Build.0 = RelWithDebInfo|x64
		{41F3275A-3F5F-3D32-B6D8-A1253DCF4EF7}.Debug|x64.ActiveCfg = Debug|x64
		{41F3275A-3F5F-3D32-B6D8-A1253DCF4EF7}.Debug|x64.Build.0 = Debug|x64
		{41F3275A-3F5F-3D32-B6D8-A1253DCF4EF7}.Release|x64.ActiveCfg = Release|x64
		{41F3275A-3F5F-3D32-B6D8-A1253DCF4EF7}.Release|x64.Build.0 = Release|x64
		{41F3275A-3F5F-3D32-B6D8-A1253DCF4EF7}.MinSizeRel|x64.ActiveCfg = MinSizeRel|x64
		{41F3275A-3F5F-3D32-B6D8-A1253DCF4EF7}.MinSizeRel|x64.Build.0 = MinSizeRel|x64
		{41F3275A-3F5F-3D32-B6D8-A1253DCF4EF7}.RelWithDebInfo|x64.ActiveCfg = RelWithDebInfo|x64
		{41F3275A-3F5F-3D32-B6D8-A1253DCF4EF7}.RelWithDebInfo|x64.Build.0 = RelWithDebInfo|x64
		{8826EDEA-8CBF-3CC6-B894-B48D94A10948}.Debug|x64.ActiveCfg = Debug|x64
		{8826EDEA-8CBF-3CC6-B894-B48D94A10948}.Debug|x64.Build.0 = Debug|x64
		{8826EDEA-8CBF-3CC6-B894-B48D94A10948}.Release|x64.ActiveCfg = Release|x64
		{8826EDEA-8CBF-3CC6-B894-B48D94A10948}.Release|x64.Build.0 = Release|x64
		{8826EDEA-8CBF-3CC6-B894-B48D94A10948}.MinSizeRel|x64.ActiveCfg = MinSizeRel|x64
		{8826EDEA-8CBF-3CC6-B894-B48D94A10948}.MinSizeRel|x64.Build.0 = MinSizeRel|x64
		{8826EDEA-8CBF-3CC6-B894-B48D94A10948}.RelWithDebInfo|x64.ActiveCfg = RelWithDebInfo|x64
		{8826EDEA-8CBF-3CC6-B894-B48D94A10948}.RelWithDebInfo|x64.Build.0 = RelWithDebInfo|x64
		{3819B3A0-9E09-3A08-BEC6-F059CFADD78D}.Debug|x64.ActiveCfg = Debug|x64
		{3819B3A0-9E09-3A08-BEC6-F059CFADD78D}.Debug|x64.Build.0 = Debug|x64
		{3819B3A0-9E09-3A08-BEC6-F059CFADD78D}.Release|x64.ActiveCfg = Release|x64
		{3819B3A0-9E09-3A08-BEC6-F059CFADD78D}.Release|x64.Build.0 = Release|x64
		{3819B3A0-9E09-3A08-BEC6-F059CFADD78D}.MinSizeRel|x64.ActiveCfg = MinSizeRel|x64
		{3819B3A0-9E09-3A08-BEC6-F059CFADD78D}.MinSizeRel|x64.Build.0 = MinSizeRel|x64
		{3819B3A0-9E09-3A08-BEC6-F059CFADD78D}.RelWithDebInfo|x64.ActiveCfg = RelWithDebInfo|x64
		{3819B3A0-9E09-3A08-BEC6-F059CFADD78D}.RelWithDebInfo|x64.Build.0 = RelWithDebInfo|x64
		{57A8F744-C7E1-3C10-924F-2B5FCE428BC1}.Debug|x64.ActiveCfg = Debug|x64
		{57A8F744-C7E1-3C10-924F-2B5FCE428BC1}.Debug|x64.Build.0 = Debug|x64
		{57A8F744-C7E1-3C10-924F-2B5FCE428BC1}.Release|x64.ActiveCfg = Release|x64
		{57A8F744-C7E1-3C10-924F-2B5FCE428BC1}.Release|x64.Build.0 = Release|x64
		{57A8F744-C7E1-3C10-924F-2B5FCE428BC1}.MinSizeRel|x64.ActiveCfg = MinSizeRel|x64
		{57A8F744-C7E1-3C10-924F-2B5FCE428BC1}.MinSizeRel|x64.Build.0 = MinSizeRel|x64
		{57A8F744-C7E1-3C10-924F-2B5FCE428BC1}.RelWithDebInfo|x64.ActiveCfg = RelWithDebInfo|x64
		{57A8F744-C7E1-3C10-924F-2B5FCE428BC1}.RelWithDebInfo|x64.Build.0 = RelWithDebInfo|x64
		{E9293BBC-D16F-36B4-BC5E-A6EE47E95166}.Debug|x64.ActiveCfg = Debug|x64
		{E9293BBC-D16F-36B4-BC5E-A6EE47E95166}.Debug|x64.Build.0 = Debug|x64
		{E9293BBC-D16F-36B4-BC5E-A6EE47E95166}.Release|x64.ActiveCfg = Release|x64
		{E9293BBC-D16F-36B4-BC5E-A6EE47E95166}.Release|x64.Build.0 = Release|x64
		{E9293BBC-D16F-36B4-BC5E-A6EE47E95166}.MinSizeRel|x64.ActiveCfg = MinSizeRel|x64
		{E9293BBC-D16F-36B4-BC5E-A6EE47E95166}.MinSizeRel|x64.Build.0 = MinSizeRel|x64
		{E9293BBC-D16F-36B4-BC5E-A6EE47E95166}.RelWithDebInfo|x64.ActiveCfg = RelWithDebInfo|x64
		{E9293BBC-D16F-36B4-BC5E-A6EE47E95166}.RelWithDebInfo|x64.Build.0 = RelWithDebInfo|x64
		{6340D3A0-B775-374E-A8A4-0D5AA9B20C97}.Debug|x64.ActiveCfg = Debug|x64
		{6340D3A0-B775-374E-A8A4-0D5AA9B20C97}.Debug|x64.Build.0 = Debug|x64
		{6340D3A0-B775-374E-A8A4-0D5AA9B20C97}.Release|x64.ActiveCfg = Release|x64
		{6340D3A0-B775-374E-A8A4-0D5AA9B20C97}.Release|x64.Build.0 = Release|x64
		{6340D3A0-B775-374E-A8A4-0D5AA9B20C97}.MinSizeRel|x64.ActiveCfg = MinSizeRel|x64
		{6340D3A0-B775-374E-A8A4-0D5AA9B20C97}.MinSizeRel|x64.Build.0 = MinSizeRel|x64
		{6340D3A0-B775-374E-A8A4-0D5AA9B20C97}.RelWithDebInfo|x64.ActiveCfg = RelWithDebInfo|x64
		{6340D3A0-B775-374E-A8A4-0D5AA9B20C97}.RelWithDebInfo|x64.Build.0 = RelWithDebInfo|x64
	EndGlobalSection
	GlobalSection(ExtensibilityGlobals) = postSolution
		SolutionGuid = {BEA26601-582F-3A80-9E51-5FD713FEAAC5}
	EndGlobalSection
	GlobalSection(ExtensibilityAddIns) = postSolution
	EndGlobalSection
EndGlobal
