<?xml version="1.0" encoding="utf-8"?>
<Project ToolsVersion="17.0" xmlns="http://schemas.microsoft.com/developer/msbuild/2003">
  <ItemGroup>
    <CustomBuild Include="E:\project\astrology\JPL-Moshier-Ephemeris\build-local\CMakeFiles\a623008fae9e44906ce057a0c461e435\generate.stamp.rule">
      <Filter>CMake Rules</Filter>
    </CustomBuild>
  </ItemGroup>
  <ItemGroup>
    <Filter Include="CMake Rules">
      <UniqueIdentifier>{A4F0139F-1FA3-335A-88E0-35FF032FB9CE}</UniqueIdentifier>
    </Filter>
  </ItemGroup>
</Project>
