<?xml version="1.0" encoding="utf-8"?>
<Project ToolsVersion="17.0" xmlns="http://schemas.microsoft.com/developer/msbuild/2003">
  <ItemGroup>
    <ClCompile Include="E:\project\astrology\JPL-Moshier-Ephemeris\src\api.c">
      <Filter>Source Files</Filter>
    </ClCompile>
    <ClCompile Include="E:\project\astrology\JPL-Moshier-Ephemeris\src\angle.c">
      <Filter>Source Files</Filter>
    </ClCompile>
    <ClCompile Include="E:\project\astrology\JPL-Moshier-Ephemeris\src\astrometry.c">
      <Filter>Source Files</Filter>
    </ClCompile>
    <ClCompile Include="E:\project\astrology\JPL-Moshier-Ephemeris\src\calc.c">
      <Filter>Source Files</Filter>
    </ClCompile>
    <ClCompile Include="E:\project\astrology\JPL-Moshier-Ephemeris\src\context.c">
      <Filter>Source Files</Filter>
    </ClCompile>
    <ClCompile Include="E:\project\astrology\JPL-Moshier-Ephemeris\src\coordinates.c">
      <Filter>Source Files</Filter>
    </ClCompile>
    <ClCompile Include="E:\project\astrology\JPL-Moshier-Ephemeris\src\elp2000.c">
      <Filter>Source Files</Filter>
    </ClCompile>
    <ClCompile Include="E:\project\astrology\JPL-Moshier-Ephemeris\src\elp2000\arguments.c">
      <Filter>Source Files</Filter>
    </ClCompile>
    <ClCompile Include="E:\project\astrology\JPL-Moshier-Ephemeris\src\elp2000\elp2000-82b.c">
      <Filter>Source Files</Filter>
    </ClCompile>
    <ClCompile Include="E:\project\astrology\JPL-Moshier-Ephemeris\src\elp2000\series.c">
      <Filter>Source Files</Filter>
    </ClCompile>
    <ClCompile Include="E:\project\astrology\JPL-Moshier-Ephemeris\src\events.c">
      <Filter>Source Files</Filter>
    </ClCompile>
    <ClCompile Include="E:\project\astrology\JPL-Moshier-Ephemeris\src\fixstar.c">
      <Filter>Source Files</Filter>
    </ClCompile>
    <ClCompile Include="E:\project\astrology\JPL-Moshier-Ephemeris\src\houses.c">
      <Filter>Source Files</Filter>
    </ClCompile>
    <ClCompile Include="E:\project\astrology\JPL-Moshier-Ephemeris\src\julian.c">
      <Filter>Source Files</Filter>
    </ClCompile>
    <ClCompile Include="E:\project\astrology\JPL-Moshier-Ephemeris\src\jpl.c">
      <Filter>Source Files</Filter>
    </ClCompile>
    <ClCompile Include="E:\project\astrology\JPL-Moshier-Ephemeris\src\metadata.c">
      <Filter>Source Files</Filter>
    </ClCompile>
    <ClCompile Include="E:\project\astrology\JPL-Moshier-Ephemeris\src\meeus.c">
      <Filter>Source Files</Filter>
    </ClCompile>
    <ClCompile Include="E:\project\astrology\JPL-Moshier-Ephemeris\src\moshier.c">
      <Filter>Source Files</Filter>
    </ClCompile>
    <ClCompile Include="E:\project\astrology\JPL-Moshier-Ephemeris\src\moshier_full.c">
      <Filter>Source Files</Filter>
    </ClCompile>
    <ClCompile Include="E:\project\astrology\JPL-Moshier-Ephemeris\src\moshier_moon.c">
      <Filter>Source Files</Filter>
    </ClCompile>
    <ClCompile Include="E:\project\astrology\JPL-Moshier-Ephemeris\src\moshier\moonlat404.c">
      <Filter>Source Files</Filter>
    </ClCompile>
    <ClCompile Include="E:\project\astrology\JPL-Moshier-Ephemeris\src\moshier\moonlr404.c">
      <Filter>Source Files</Filter>
    </ClCompile>
    <ClCompile Include="E:\project\astrology\JPL-Moshier-Ephemeris\src\sidereal.c">
      <Filter>Source Files</Filter>
    </ClCompile>
    <ClCompile Include="E:\project\astrology\JPL-Moshier-Ephemeris\src\time.c">
      <Filter>Source Files</Filter>
    </ClCompile>
    <ClCompile Include="E:\project\astrology\JPL-Moshier-Ephemeris\src\vsop87.c">
      <Filter>Source Files</Filter>
    </ClCompile>
    <ClCompile Include="E:\project\astrology\JPL-Moshier-Ephemeris\src\vsop87a_full.c">
      <Filter>Source Files</Filter>
    </ClCompile>
    <ClCompile Include="E:\project\astrology\JPL-Moshier-Ephemeris\src\vsop87d_full.c">
      <Filter>Source Files</Filter>
    </ClCompile>
  </ItemGroup>
  <ItemGroup>
    <CustomBuild Include="E:\project\astrology\JPL-Moshier-Ephemeris\CMakeLists.txt" />
  </ItemGroup>
  <ItemGroup>
    <Filter Include="Source Files">
      <UniqueIdentifier>{74D24DA3-0B12-34C3-B863-4500CD3865D3}</UniqueIdentifier>
    </Filter>
  </ItemGroup>
</Project>
