
Microsoft Visual Studio Solution File, Format Version 12.00
# Visual Studio Version 17
Project("{8BC9CEB8-8B4A-11D0-8D11-00A0C91BC942}") = "ALL_BUILD", "ALL_BUILD.vcxproj", "{C4984D71-F89D-3900-BEB7-7BFB6FE68A96}"
	ProjectSection(ProjectDependencies) = postProject
		{B7E42F91-6780-3056-9D1F-CD623219F5B1} = {B7E42F91-6780-3056-9D1F-CD623219F5B1}
		{6807BB4A-406C-3D85-989D-C7C9F090C2AF} = {6807BB4A-406C-3D85-989D-C7C9F090C2AF}
		{CD2EAEE7-6E13-3F56-86F3-4B4E113CB1C5} = {CD2EAEE7-6E13-3F56-86F3-4B4E113CB1C5}
		{C1D73536-BA98-33B8-A148-596F8DEE45F2} = {C1D73536-BA98-33B8-A148-596F8DEE45F2}
		{C848DC2E-F31F-399B-9A1E-AB8C50553A23} = {C848DC2E-F31F-399B-9A1E-AB8C50553A23}
		{D5CE87A6-7B35-3488-96BB-5D2247FB47C4} = {D5CE87A6-7B35-3488-96BB-5D2247FB47C4}
		{AF168120-1D05-30C6-BA61-6E96DC3C9BDF} = {AF168120-1D05-30C6-BA61-6E96DC3C9BDF}
		{49C91CB4-D875-3DCE-9C8D-CB59E54672A8} = {49C91CB4-D875-3DCE-9C8D-CB59E54672A8}
		{E614D5B9-A0F1-3F45-9850-5775ED57719A} = {E614D5B9-A0F1-3F45-9850-5775ED57719A}
		{2AFC2DE2-E9BC-3799-8B4D-8073646C2575} = {2AFC2DE2-E9BC-3799-8B4D-8073646C2575}
		{D4A7E8B2-77B7-3EBB-81D8-467D3FC462DD} = {D4A7E8B2-77B7-3EBB-81D8-467D3FC462DD}
		{FEB1A0CD-E60B-3576-92A5-2060606B6E40} = {FEB1A0CD-E60B-3576-92A5-2060606B6E40}
	EndProjectSection
EndProject
Project("{8BC9CEB8-8B4A-11D0-8D11-00A0C91BC942}") = "RUN_TESTS", "RUN_TESTS.vcxproj", "{97264211-5FBA-33C2-A3B3-11C079E1FB40}"
	ProjectSection(ProjectDependencies) = postProject
		{B7E42F91-6780-3056-9D1F-CD623219F5B1} = {B7E42F91-6780-3056-9D1F-CD623219F5B1}
	EndProjectSection
EndProject
Project("{8BC9CEB8-8B4A-11D0-8D11-00A0C91BC942}") = "ZERO_CHECK", "ZERO_CHECK.vcxproj", "{B7E42F91-6780-3056-9D1F-CD623219F5B1}"
	ProjectSection(ProjectDependencies) = postProject
	EndProjectSection
EndProject
Project("{8BC9CEB8-8B4A-11D0-8D11-00A0C91BC942}") = "jme", "jme.vcxproj", "{6807BB4A-406C-3D85-989D-C7C9F090C2AF}"
	ProjectSection(ProjectDependencies) = postProject
		{B7E42F91-6780-3056-9D1F-CD623219F5B1} = {B7E42F91-6780-3056-9D1F-CD623219F5B1}
	EndProjectSection
EndProject
Project("{8BC9CEB8-8B4A-11D0-8D11-00A0C91BC942}") = "jme_call_probe", "jme_call_probe.vcxproj", "{CD2EAEE7-6E13-3F56-86F3-4B4E113CB1C5}"
	ProjectSection(ProjectDependencies) = postProject
		{B7E42F91-6780-3056-9D1F-CD623219F5B1} = {B7E42F91-6780-3056-9D1F-CD623219F5B1}
		{6807BB4A-406C-3D85-989D-C7C9F090C2AF} = {6807BB4A-406C-3D85-989D-C7C9F090C2AF}
	EndProjectSection
EndProject
Project("{8BC9CEB8-8B4A-11D0-8D11-00A0C91BC942}") = "test_all_constants", "test_all_constants.vcxproj", "{C1D73536-BA98-33B8-A148-596F8DEE45F2}"
	ProjectSection(ProjectDependencies) = postProject
		{B7E42F91-6780-3056-9D1F-CD623219F5B1} = {B7E42F91-6780-3056-9D1F-CD623219F5B1}
		{6807BB4A-406C-3D85-989D-C7C9F090C2AF} = {6807BB4A-406C-3D85-989D-C7C9F090C2AF}
	EndProjectSection
EndProject
Project("{8BC9CEB8-8B4A-11D0-8D11-00A0C91BC942}") = "test_all_functions", "test_all_functions.vcxproj", "{C848DC2E-F31F-399B-9A1E-AB8C50553A23}"
	ProjectSection(ProjectDependencies) = postProject
		{B7E42F91-6780-3056-9D1F-CD623219F5B1} = {B7E42F91-6780-3056-9D1F-CD623219F5B1}
		{6807BB4A-406C-3D85-989D-C7C9F090C2AF} = {6807BB4A-406C-3D85-989D-C7C9F090C2AF}
	EndProjectSection
EndProject
Project("{8BC9CEB8-8B4A-11D0-8D11-00A0C91BC942}") = "test_analytical_validation", "test_analytical_validation.vcxproj", "{D5CE87A6-7B35-3488-96BB-5D2247FB47C4}"
	ProjectSection(ProjectDependencies) = postProject
		{B7E42F91-6780-3056-9D1F-CD623219F5B1} = {B7E42F91-6780-3056-9D1F-CD623219F5B1}
		{6807BB4A-406C-3D85-989D-C7C9F090C2AF} = {6807BB4A-406C-3D85-989D-C7C9F090C2AF}
	EndProjectSection
EndProject
Project("{8BC9CEB8-8B4A-11D0-8D11-00A0C91BC942}") = "test_api_contract", "test_api_contract.vcxproj", "{AF168120-1D05-30C6-BA61-6E96DC3C9BDF}"
	ProjectSection(ProjectDependencies) = postProject
		{B7E42F91-6780-3056-9D1F-CD623219F5B1} = {B7E42F91-6780-3056-9D1F-CD623219F5B1}
		{6807BB4A-406C-3D85-989D-C7C9F090C2AF} = {6807BB4A-406C-3D85-989D-C7C9F090C2AF}
	EndProjectSection
EndProject
Project("{8BC9CEB8-8B4A-11D0-8D11-00A0C91BC942}") = "test_extra_adversarial", "test_extra_adversarial.vcxproj", "{49C91CB4-D875-3DCE-9C8D-CB59E54672A8}"
	ProjectSection(ProjectDependencies) = postProject
		{B7E42F91-6780-3056-9D1F-CD623219F5B1} = {B7E42F91-6780-3056-9D1F-CD623219F5B1}
		{6807BB4A-406C-3D85-989D-C7C9F090C2AF} = {6807BB4A-406C-3D85-989D-C7C9F090C2AF}
	EndProjectSection
EndProject
Project("{8BC9CEB8-8B4A-11D0-8D11-00A0C91BC942}") = "test_extra_contract", "test_extra_contract.vcxproj", "{E614D5B9-A0F1-3F45-9850-5775ED57719A}"
	ProjectSection(ProjectDependencies) = postProject
		{B7E42F91-6780-3056-9D1F-CD623219F5B1} = {B7E42F91-6780-3056-9D1F-CD623219F5B1}
		{6807BB4A-406C-3D85-989D-C7C9F090C2AF} = {6807BB4A-406C-3D85-989D-C7C9F090C2AF}
	EndProjectSection
EndProject
Project("{8BC9CEB8-8B4A-11D0-8D11-00A0C91BC942}") = "test_jpl_runtime", "test_jpl_runtime.vcxproj", "{2AFC2DE2-E9BC-3799-8B4D-8073646C2575}"
	ProjectSection(ProjectDependencies) = postProject
		{B7E42F91-6780-3056-9D1F-CD623219F5B1} = {B7E42F91-6780-3056-9D1F-CD623219F5B1}
		{6807BB4A-406C-3D85-989D-C7C9F090C2AF} = {6807BB4A-406C-3D85-989D-C7C9F090C2AF}
	EndProjectSection
EndProject
Project("{8BC9CEB8-8B4A-11D0-8D11-00A0C91BC942}") = "test_julian", "test_julian.vcxproj", "{D4A7E8B2-77B7-3EBB-81D8-467D3FC462DD}"
	ProjectSection(ProjectDependencies) = postProject
		{B7E42F91-6780-3056-9D1F-CD623219F5B1} = {B7E42F91-6780-3056-9D1F-CD623219F5B1}
		{6807BB4A-406C-3D85-989D-C7C9F090C2AF} = {6807BB4A-406C-3D85-989D-C7C9F090C2AF}
	EndProjectSection
EndProject
Project("{8BC9CEB8-8B4A-11D0-8D11-00A0C91BC942}") = "test_mapped_adversarial", "test_mapped_adversarial.vcxproj", "{FEB1A0CD-E60B-3576-92A5-2060606B6E40}"
	ProjectSection(ProjectDependencies) = postProject
		{B7E42F91-6780-3056-9D1F-CD623219F5B1} = {B7E42F91-6780-3056-9D1F-CD623219F5B1}
		{6807BB4A-406C-3D85-989D-C7C9F090C2AF} = {6807BB4A-406C-3D85-989D-C7C9F090C2AF}
	EndProjectSection
EndProject
Global
	GlobalSection(SolutionConfigurationPlatforms) = preSolution
		Debug|x64 = Debug|x64
		Release|x64 = Release|x64
		MinSizeRel|x64 = MinSizeRel|x64
		RelWithDebInfo|x64 = RelWithDebInfo|x64
	EndGlobalSection
	GlobalSection(ProjectConfigurationPlatforms) = postSolution
		{C4984D71-F89D-3900-BEB7-7BFB6FE68A96}.Debug|x64.ActiveCfg = Debug|x64
		{C4984D71-F89D-3900-BEB7-7BFB6FE68A96}.Release|x64.ActiveCfg = Release|x64
		{C4984D71-F89D-3900-BEB7-7BFB6FE68A96}.MinSizeRel|x64.ActiveCfg = MinSizeRel|x64
		{C4984D71-F89D-3900-BEB7-7BFB6FE68A96}.RelWithDebInfo|x64.ActiveCfg = RelWithDebInfo|x64
		{97264211-5FBA-33C2-A3B3-11C079E1FB40}.Debug|x64.ActiveCfg = Debug|x64
		{97264211-5FBA-33C2-A3B3-11C079E1FB40}.Release|x64.ActiveCfg = Release|x64
		{97264211-5FBA-33C2-A3B3-11C079E1FB40}.MinSizeRel|x64.ActiveCfg = MinSizeRel|x64
		{97264211-5FBA-33C2-A3B3-11C079E1FB40}.RelWithDebInfo|x64.ActiveCfg = RelWithDebInfo|x64
		{B7E42F91-6780-3056-9D1F-CD623219F5B1}.Debug|x64.ActiveCfg = Debug|x64
		{B7E42F91-6780-3056-9D1F-CD623219F5B1}.Debug|x64.Build.0 = Debug|x64
		{B7E42F91-6780-3056-9D1F-CD623219F5B1}.Release|x64.ActiveCfg = Release|x64
		{B7E42F91-6780-3056-9D1F-CD623219F5B1}.Release|x64.Build.0 = Release|x64
		{B7E42F91-6780-3056-9D1F-CD623219F5B1}.MinSizeRel|x64.ActiveCfg = MinSizeRel|x64
		{B7E42F91-6780-3056-9D1F-CD623219F5B1}.MinSizeRel|x64.Build.0 = MinSizeRel|x64
		{B7E42F91-6780-3056-9D1F-CD623219F5B1}.RelWithDebInfo|x64.ActiveCfg = RelWithDebInfo|x64
		{B7E42F91-6780-3056-9D1F-CD623219F5B1}.RelWithDebInfo|x64.Build.0 = RelWithDebInfo|x64
		{6807BB4A-406C-3D85-989D-C7C9F090C2AF}.Debug|x64.ActiveCfg = Debug|x64
		{6807BB4A-406C-3D85-989D-C7C9F090C2AF}.Debug|x64.Build.0 = Debug|x64
		{6807BB4A-406C-3D85-989D-C7C9F090C2AF}.Release|x64.ActiveCfg = Release|x64
		{6807BB4A-406C-3D85-989D-C7C9F090C2AF}.Release|x64.Build.0 = Release|x64
		{6807BB4A-406C-3D85-989D-C7C9F090C2AF}.MinSizeRel|x64.ActiveCfg = MinSizeRel|x64
		{6807BB4A-406C-3D85-989D-C7C9F090C2AF}.MinSizeRel|x64.Build.0 = MinSizeRel|x64
		{6807BB4A-406C-3D85-989D-C7C9F090C2AF}.RelWithDebInfo|x64.ActiveCfg = RelWithDebInfo|x64
		{6807BB4A-406C-3D85-989D-C7C9F090C2AF}.RelWithDebInfo|x64.Build.0 = RelWithDebInfo|x64
		{CD2EAEE7-6E13-3F56-86F3-4B4E113CB1C5}.Debug|x64.ActiveCfg = Debug|x64
		{CD2EAEE7-6E13-3F56-86F3-4B4E113CB1C5}.Debug|x64.Build.0 = Debug|x64
		{CD2EAEE7-6E13-3F56-86F3-4B4E113CB1C5}.Release|x64.ActiveCfg = Release|x64
		{CD2EAEE7-6E13-3F56-86F3-4B4E113CB1C5}.Release|x64.Build.0 = Release|x64
		{CD2EAEE7-6E13-3F56-86F3-4B4E113CB1C5}.MinSizeRel|x64.ActiveCfg = MinSizeRel|x64
		{CD2EAEE7-6E13-3F56-86F3-4B4E113CB1C5}.MinSizeRel|x64.Build.0 = MinSizeRel|x64
		{CD2EAEE7-6E13-3F56-86F3-4B4E113CB1C5}.RelWithDebInfo|x64.ActiveCfg = RelWithDebInfo|x64
		{CD2EAEE7-6E13-3F56-86F3-4B4E113CB1C5}.RelWithDebInfo|x64.Build.0 = RelWithDebInfo|x64
		{C1D73536-BA98-33B8-A148-596F8DEE45F2}.Debug|x64.ActiveCfg = Debug|x64
		{C1D73536-BA98-33B8-A148-596F8DEE45F2}.Debug|x64.Build.0 = Debug|x64
		{C1D73536-BA98-33B8-A148-596F8DEE45F2}.Release|x64.ActiveCfg = Release|x64
		{C1D73536-BA98-33B8-A148-596F8DEE45F2}.Release|x64.Build.0 = Release|x64
		{C1D73536-BA98-33B8-A148-596F8DEE45F2}.MinSizeRel|x64.ActiveCfg = MinSizeRel|x64
		{C1D73536-BA98-33B8-A148-596F8DEE45F2}.MinSizeRel|x64.Build.0 = MinSizeRel|x64
		{C1D73536-BA98-33B8-A148-596F8DEE45F2}.RelWithDebInfo|x64.ActiveCfg = RelWithDebInfo|x64
		{C1D73536-BA98-33B8-A148-596F8DEE45F2}.RelWithDebInfo|x64.Build.0 = RelWithDebInfo|x64
		{C848DC2E-F31F-399B-9A1E-AB8C50553A23}.Debug|x64.ActiveCfg = Debug|x64
		{C848DC2E-F31F-399B-9A1E-AB8C50553A23}.Debug|x64.Build.0 = Debug|x64
		{C848DC2E-F31F-399B-9A1E-AB8C50553A23}.Release|x64.ActiveCfg = Release|x64
		{C848DC2E-F31F-399B-9A1E-AB8C50553A23}.Release|x64.Build.0 = Release|x64
		{C848DC2E-F31F-399B-9A1E-AB8C50553A23}.MinSizeRel|x64.ActiveCfg = MinSizeRel|x64
		{C848DC2E-F31F-399B-9A1E-AB8C50553A23}.MinSizeRel|x64.Build.0 = MinSizeRel|x64
		{C848DC2E-F31F-399B-9A1E-AB8C50553A23}.RelWithDebInfo|x64.ActiveCfg = RelWithDebInfo|x64
		{C848DC2E-F31F-399B-9A1E-AB8C50553A23}.RelWithDebInfo|x64.Build.0 = RelWithDebInfo|x64
		{D5CE87A6-7B35-3488-96BB-5D2247FB47C4}.Debug|x64.ActiveCfg = Debug|x64
		{D5CE87A6-7B35-3488-96BB-5D2247FB47C4}.Debug|x64.Build.0 = Debug|x64
		{D5CE87A6-7B35-3488-96BB-5D2247FB47C4}.Release|x64.ActiveCfg = Release|x64
		{D5CE87A6-7B35-3488-96BB-5D2247FB47C4}.Release|x64.Build.0 = Release|x64
		{D5CE87A6-7B35-3488-96BB-5D2247FB47C4}.MinSizeRel|x64.ActiveCfg = MinSizeRel|x64
		{D5CE87A6-7B35-3488-96BB-5D2247FB47C4}.MinSizeRel|x64.Build.0 = MinSizeRel|x64
		{D5CE87A6-7B35-3488-96BB-5D2247FB47C4}.RelWithDebInfo|x64.ActiveCfg = RelWithDebInfo|x64
		{D5CE87A6-7B35-3488-96BB-5D2247FB47C4}.RelWithDebInfo|x64.Build.0 = RelWithDebInfo|x64
		{AF168120-1D05-30C6-BA61-6E96DC3C9BDF}.Debug|x64.ActiveCfg = Debug|x64
		{AF168120-1D05-30C6-BA61-6E96DC3C9BDF}.Debug|x64.Build.0 = Debug|x64
		{AF168120-1D05-30C6-BA61-6E96DC3C9BDF}.Release|x64.ActiveCfg = Release|x64
		{AF168120-1D05-30C6-BA61-6E96DC3C9BDF}.Release|x64.Build.0 = Release|x64
		{AF168120-1D05-30C6-BA61-6E96DC3C9BDF}.MinSizeRel|x64.ActiveCfg = MinSizeRel|x64
		{AF168120-1D05-30C6-BA61-6E96DC3C9BDF}.MinSizeRel|x64.Build.0 = MinSizeRel|x64
		{AF168120-1D05-30C6-BA61-6E96DC3C9BDF}.RelWithDebInfo|x64.ActiveCfg = RelWithDebInfo|x64
		{AF168120-1D05-30C6-BA61-6E96DC3C9BDF}.RelWithDebInfo|x64.Build.0 = RelWithDebInfo|x64
		{49C91CB4-D875-3DCE-9C8D-CB59E54672A8}.Debug|x64.ActiveCfg = Debug|x64
		{49C91CB4-D875-3DCE-9C8D-CB59E54672A8}.Debug|x64.Build.0 = Debug|x64
		{49C91CB4-D875-3DCE-9C8D-CB59E54672A8}.Release|x64.ActiveCfg = Release|x64
		{49C91CB4-D875-3DCE-9C8D-CB59E54672A8}.Release|x64.Build.0 = Release|x64
		{49C91CB4-D875-3DCE-9C8D-CB59E54672A8}.MinSizeRel|x64.ActiveCfg = MinSizeRel|x64
		{49C91CB4-D875-3DCE-9C8D-CB59E54672A8}.MinSizeRel|x64.Build.0 = MinSizeRel|x64
		{49C91CB4-D875-3DCE-9C8D-CB59E54672A8}.RelWithDebInfo|x64.ActiveCfg = RelWithDebInfo|x64
		{49C91CB4-D875-3DCE-9C8D-CB59E54672A8}.RelWithDebInfo|x64.Build.0 = RelWithDebInfo|x64
		{E614D5B9-A0F1-3F45-9850-5775ED57719A}.Debug|x64.ActiveCfg = Debug|x64
		{E614D5B9-A0F1-3F45-9850-5775ED57719A}.Debug|x64.Build.0 = Debug|x64
		{E614D5B9-A0F1-3F45-9850-5775ED57719A}.Release|x64.ActiveCfg = Release|x64
		{E614D5B9-A0F1-3F45-9850-5775ED57719A}.Release|x64.Build.0 = Release|x64
		{E614D5B9-A0F1-3F45-9850-5775ED57719A}.MinSizeRel|x64.ActiveCfg = MinSizeRel|x64
		{E614D5B9-A0F1-3F45-9850-5775ED57719A}.MinSizeRel|x64.Build.0 = MinSizeRel|x64
		{E614D5B9-A0F1-3F45-9850-5775ED57719A}.RelWithDebInfo|x64.ActiveCfg = RelWithDebInfo|x64
		{E614D5B9-A0F1-3F45-9850-5775ED57719A}.RelWithDebInfo|x64.Build.0 = RelWithDebInfo|x64
		{2AFC2DE2-E9BC-3799-8B4D-8073646C2575}.Debug|x64.ActiveCfg = Debug|x64
		{2AFC2DE2-E9BC-3799-8B4D-8073646C2575}.Debug|x64.Build.0 = Debug|x64
		{2AFC2DE2-E9BC-3799-8B4D-8073646C2575}.Release|x64.ActiveCfg = Release|x64
		{2AFC2DE2-E9BC-3799-8B4D-8073646C2575}.Release|x64.Build.0 = Release|x64
		{2AFC2DE2-E9BC-3799-8B4D-8073646C2575}.MinSizeRel|x64.ActiveCfg = MinSizeRel|x64
		{2AFC2DE2-E9BC-3799-8B4D-8073646C2575}.MinSizeRel|x64.Build.0 = MinSizeRel|x64
		{2AFC2DE2-E9BC-3799-8B4D-8073646C2575}.RelWithDebInfo|x64.ActiveCfg = RelWithDebInfo|x64
		{2AFC2DE2-E9BC-3799-8B4D-8073646C2575}.RelWithDebInfo|x64.Build.0 = RelWithDebInfo|x64
		{D4A7E8B2-77B7-3EBB-81D8-467D3FC462DD}.Debug|x64.ActiveCfg = Debug|x64
		{D4A7E8B2-77B7-3EBB-81D8-467D3FC462DD}.Debug|x64.Build.0 = Debug|x64
		{D4A7E8B2-77B7-3EBB-81D8-467D3FC462DD}.Release|x64.ActiveCfg = Release|x64
		{D4A7E8B2-77B7-3EBB-81D8-467D3FC462DD}.Release|x64.Build.0 = Release|x64
		{D4A7E8B2-77B7-3EBB-81D8-467D3FC462DD}.MinSizeRel|x64.ActiveCfg = MinSizeRel|x64
		{D4A7E8B2-77B7-3EBB-81D8-467D3FC462DD}.MinSizeRel|x64.Build.0 = MinSizeRel|x64
		{D4A7E8B2-77B7-3EBB-81D8-467D3FC462DD}.RelWithDebInfo|x64.ActiveCfg = RelWithDebInfo|x64
		{D4A7E8B2-77B7-3EBB-81D8-467D3FC462DD}.RelWithDebInfo|x64.Build.0 = RelWithDebInfo|x64
		{FEB1A0CD-E60B-3576-92A5-2060606B6E40}.Debug|x64.ActiveCfg = Debug|x64
		{FEB1A0CD-E60B-3576-92A5-2060606B6E40}.Debug|x64.Build.0 = Debug|x64
		{FEB1A0CD-E60B-3576-92A5-2060606B6E40}.Release|x64.ActiveCfg = Release|x64
		{FEB1A0CD-E60B-3576-92A5-2060606B6E40}.Release|x64.Build.0 = Release|x64
		{FEB1A0CD-E60B-3576-92A5-2060606B6E40}.MinSizeRel|x64.ActiveCfg = MinSizeRel|x64
		{FEB1A0CD-E60B-3576-92A5-2060606B6E40}.MinSizeRel|x64.Build.0 = MinSizeRel|x64
		{FEB1A0CD-E60B-3576-92A5-2060606B6E40}.RelWithDebInfo|x64.ActiveCfg = RelWithDebInfo|x64
		{FEB1A0CD-E60B-3576-92A5-2060606B6E40}.RelWithDebInfo|x64.Build.0 = RelWithDebInfo|x64
	EndGlobalSection
	GlobalSection(ExtensibilityGlobals) = postSolution
		SolutionGuid = {493CF070-AE72-3818-BA72-69E065D7DF82}
	EndGlobalSection
	GlobalSection(ExtensibilityAddIns) = postSolution
	EndGlobalSection
EndGlobal
