<?xml version="1.0" encoding="utf-8"?>
<Project ToolsVersion="17.0" xmlns="http://schemas.microsoft.com/developer/msbuild/2003">
  <ItemGroup>
    <CustomBuild Include="E:\project\astrology\JPL-Moshier-Ephemeris\build-release-fix\CMakeFiles\99513545134cf73104fa314e54652722\RUN_TESTS_force.rule">
      <Filter>CMake Rules</Filter>
    </CustomBuild>
  </ItemGroup>
  <ItemGroup>
    <Filter Include="CMake Rules">
      <UniqueIdentifier>{8D52CD95-1A0A-3BF6-A822-7704FA6AE589}</UniqueIdentifier>
    </Filter>
  </ItemGroup>
</Project>
